{
  "name": "ja",
  "version": "1.0.0",
  "lockfileVersion": 1,
  "requires": true,
  "dependencies": {
    "abab": {
      "version": "1.0.4",
      "resolved": "https://registry.npmjs.org/abab/-/abab-1.0.4.tgz",
      "integrity": "sha512-I+Wi+qiE2kUXyrRhNsWv6XsjUTBJjSoVSctKNBfLG5zG/Xe7Rjbxf13+vqYHNTwHaFU+FtSlVxOCTiMEVtPv0A==",
      "optional": true
    },
    "acorn": {
      "version": "2.7.0",
      "resolved": "https://registry.npmjs.org/acorn/-/acorn-2.7.0.tgz",
      "integrity": "sha512-pXK8ez/pVjqFdAgBkF1YPVRacuLQ9EXBKaKWaeh58WNfMkCmZhOZzu+NtKSPD5PHmCCHheQ5cD29qM1K4QTxIg==",
      "optional": true
    },
    "acorn-globals": {
      "version": "1.0.9",
      "resolved": "https://registry.npmjs.org/acorn-globals/-/acorn-globals-1.0.9.tgz",
      "integrity": "sha512-j3/4pkfih8W4NK22gxVSXcEonTpAHOHh0hu5BoZrKcOsW/4oBPxTi4Yk3SAj+FhC1f3+bRTkXdm4019gw1vg9g==",
      "optional": true,
      "requires": {
        "acorn": "^2.1.0"
      }
    },
    "ajv": {
      "version": "6.12.6",
      "resolved": "https://registry.npmjs.org/ajv/-/ajv-6.12.6.tgz",
      "integrity": "sha512-j3fVLgvTo527anyYyJOGTYJbG+vnnQYvE0m5mmkc1TK+nxAppkCLMIL0aZ4dblVCNoGShhm+kzE4ZUykBoMg4g==",
      "optional": true,
      "requires": {
        "fast-deep-equal": "^3.1.1",
        "fast-json-stable-stringify": "^2.0.0",
        "json-schema-traverse": "^0.4.1",
        "uri-js": "^4.2.2"
      }
    },
    "ansi-red": {
      "version": "0.1.1",
      "resolved": "https://registry.npmjs.org/ansi-red/-/ansi-red-0.1.1.tgz",
      "integrity": "sha1-jGOPnRCAgAo1PJwoyKgcpHBdlGw=",
      "requires": {
        "ansi-wrap": "0.1.0"
      }
    },
    "ansi-wrap": {
      "version": "0.1.0",
      "resolved": "https://registry.npmjs.org/ansi-wrap/-/ansi-wrap-0.1.0.tgz",
      "integrity": "sha1-qCJQ3bABXponyoLoLqYDu/pF768="
    },
    "argparse": {
      "version": "0.1.16",
      "resolved": "https://registry.npmjs.org/argparse/-/argparse-0.1.16.tgz",
      "integrity": "sha1-z9AeD7uj1srtBJ+9dY1A9lGW9Xw=",
      "requires": {
        "underscore": "~1.7.0",
        "underscore.string": "~2.4.0"
      }
    },
    "asn1": {
      "version": "0.2.6",
      "resolved": "https://registry.npmjs.org/asn1/-/asn1-0.2.6.tgz",
      "integrity": "sha512-ix/FxPn0MDjeyJ7i/yoHGFt/EX6LyNbxSEhPPXODPL+KB0VPk86UYfL0lMdy+KCnv+fmvIzySwaK5COwqVbWTQ==",
      "optional": true,
      "requires": {
        "safer-buffer": "~2.1.0"
      }
    },
    "assert-plus": {
      "version": "1.0.0",
      "resolved": "https://registry.npmjs.org/assert-plus/-/assert-plus-1.0.0.tgz",
      "integrity": "sha512-NfJ4UzBCcQGLDlQq7nHxH+tv3kyZ0hHQqF5BO6J7tNJeP5do1llPr8dZ8zHonfhAu0PHAdMkSo+8o0wxg9lZWw==",
      "optional": true
    },
    "asynckit": {
      "version": "0.4.0",
      "resolved": "https://registry.npmjs.org/asynckit/-/asynckit-0.4.0.tgz",
      "integrity": "sha512-Oei9OH4tRh0YqU3GxhX79dM/mwVgvbZJaSNaRk+bshkj0S5cfHcgYakreBjrHwatXKbz+IoIdYLxrKim2MjW0Q==",
      "optional": true
    },
    "autolinker": {
      "version": "0.15.3",
      "resolved": "https://registry.npmjs.org/autolinker/-/autolinker-0.15.3.tgz",
      "integrity": "sha1-NCQX2PLzRhsUzwkIjV7fh5HcmDI="
    },
    "aws-sign2": {
      "version": "0.7.0",
      "resolved": "https://registry.npmjs.org/aws-sign2/-/aws-sign2-0.7.0.tgz",
      "integrity": "sha512-08kcGqnYf/YmjoRhfxyu+CLxBjUtHLXLXX/vUfx9l2LYzG3c1m61nrpyFUZI6zeS+Li/wWMMidD9KgrqtGq3mA==",
      "optional": true
    },
    "aws4": {
      "version": "1.13.2",
      "resolved": "https://registry.npmjs.org/aws4/-/aws4-1.13.2.tgz",
      "integrity": "sha512-lHe62zvbTB5eEABUVi/AwVh0ZKY9rMMDhmm+eeyuuUQbQ3+J+fONVQOZyj+DdrvD4BY33uYniyRJ4UJIaSKAfw==",
      "optional": true
    },
    "bcrypt-pbkdf": {
      "version": "1.0.2",
      "resolved": "https://registry.npmjs.org/bcrypt-pbkdf/-/bcrypt-pbkdf-1.0.2.tgz",
      "integrity": "sha512-qeFIXtP4MSoi6NLqO12WfqARWWuCKi2Rn/9hJLEmtB5yTNr9DqFWkJRCf2qShWzPeAMRnOgCrq0sg/KLv5ES9w==",
      "optional": true,
      "requires": {
        "tweetnacl": "^0.14.3"
      }
    },
    "boolbase": {
      "version": "1.0.0",
      "resolved": "https://registry.npmjs.org/boolbase/-/boolbase-1.0.0.tgz",
      "integrity": "sha512-JZOSA7Mo9sNGB8+UjSgzdLtokWAky1zbztM3WRLCbZ70/3cTANmQmOdR7y2g+J0e2WXywy1yS468tY+IruqEww=="
    },
    "buffer-from": {
      "version": "1.1.2",
      "resolved": "https://registry.npmjs.org/buffer-from/-/buffer-from-1.1.2.tgz",
      "integrity": "sha1-KxRqb9cugLT1XSVfNe1Zo6mkG9U="
    },
    "caseless": {
      "version": "0.12.0",
      "resolved": "https://registry.npmjs.org/caseless/-/caseless-0.12.0.tgz",
      "integrity": "sha512-4tYFyifaFfGacoiObjJegolkwSU4xQNGbVgUiNYVUxbQ2x2lUsFvY4hVgVzGiIe6WLOPqycWXA40l+PWsxthUw==",
      "optional": true
    },
    "cheerio": {
      "version": "0.20.0",
      "resolved": "https://registry.npmjs.org/cheerio/-/cheerio-0.20.0.tgz",
      "integrity": "sha512-e5jCTzJc28MWkrLLjB1mu3ks7rDQJLC5y/JMdQkOAEX/dmJk62rC6Xae1yvOO4xyCxLpzcth3jIZ7nypmjQ/0w==",
      "requires": {
        "css-select": "~1.2.0",
        "dom-serializer": "~0.1.0",
        "entities": "~1.1.1",
        "htmlparser2": "~3.8.1",
        "jsdom": "^7.0.2",
        "lodash": "^4.1.0"
      }
    },
    "coffee-script": {
      "version": "1.12.7",
      "resolved": "https://registry.npmjs.org/coffee-script/-/coffee-script-1.12.7.tgz",
      "integrity": "sha1-wF2uDLeVkdBbMHCoQzqYyaiczFM="
    },
    "combined-stream": {
      "version": "1.0.8",
      "resolved": "https://registry.npmjs.org/combined-stream/-/combined-stream-1.0.8.tgz",
      "integrity": "sha512-FQN4MRfuJeHf7cBbBMJFXhKSDq+2kAArBlmRBvcvFE5BB1HZKXtSFASDhdlz9zOYwxh8lDdnvmMOe/+5cdoEdg==",
      "optional": true,
      "requires": {
        "delayed-stream": "~1.0.0"
      }
    },
    "concat-stream": {
      "version": "1.6.2",
      "resolved": "https://registry.npmjs.org/concat-stream/-/concat-stream-1.6.2.tgz",
      "integrity": "sha1-kEvfGUzTEi/Gdcd/xKw9T/D9GjQ=",
      "requires": {
        "buffer-from": "^1.0.0",
        "inherits": "^2.0.3",
        "readable-stream": "^2.2.2",
        "typedarray": "^0.0.6"
      }
    },
    "core-util-is": {
      "version": "1.0.3",
      "resolved": "https://registry.npmjs.org/core-util-is/-/core-util-is-1.0.3.tgz",
      "integrity": "sha1-pgQtNjTCsn6TKPg3uWX6yDgI24U="
    },
    "css-select": {
      "version": "1.2.0",
      "resolved": "https://registry.npmjs.org/css-select/-/css-select-1.2.0.tgz",
      "integrity": "sha512-dUQOBoqdR7QwV90WysXPLXG5LO7nhYBgiWVfxF80DKPF8zx1t/pUd2FYy73emg3zrjtM6dzmYgbHKfV2rxiHQA==",
      "requires": {
        "boolbase": "~1.0.0",
        "css-what": "2.1",
        "domutils": "1.5.1",
        "nth-check": "~1.0.1"
      }
    },
    "css-what": {
      "version": "2.1.3",
      "resolved": "https://registry.npmjs.org/css-what/-/css-what-2.1.3.tgz",
      "integrity": "sha512-a+EPoD+uZiNfh+5fxw2nO9QwFa6nJe2Or35fGY6Ipw1R3R4AGz1d1TEZrCegvw2YTmZ0jXirGYlzxxpYSHwpEg=="
    },
    "cssom": {
      "version": "0.3.8",
      "resolved": "https://registry.npmjs.org/cssom/-/cssom-0.3.8.tgz",
      "integrity": "sha512-b0tGHbfegbhPJpxpiBPU2sCkigAqtM9O121le6bbOlgyV+NyGyCmVfJ6QW9eRjz8CpNfWEOYBIMIGRYkLwsIYg==",
      "optional": true
    },
    "cssstyle": {
      "version": "0.2.37",
      "resolved": "https://registry.npmjs.org/cssstyle/-/cssstyle-0.2.37.tgz",
      "integrity": "sha512-FUpKc+1FNBsHUr9IsfSGCovr8VuGOiiuzlgCyppKBjJi2jYTOFLN3oiiNRMIvYqbFzF38mqKj4BgcevzU5/kIA==",
      "optional": true,
      "requires": {
        "cssom": "0.3.x"
      }
    },
    "dashdash": {
      "version": "1.14.1",
      "resolved": "https://registry.npmjs.org/dashdash/-/dashdash-1.14.1.tgz",
      "integrity": "sha512-jRFi8UDGo6j+odZiEpjazZaWqEal3w/basFjQHQEwVtZJGDpxbH1MeYluwCS8Xq5wmLJooDlMgvVarmWfGM44g==",
      "optional": true,
      "requires": {
        "assert-plus": "^1.0.0"
      }
    },
    "deep-is": {
      "version": "0.1.4",
      "resolved": "https://registry.npmjs.org/deep-is/-/deep-is-0.1.4.tgz",
      "integrity": "sha512-oIPzksmTg4/MriiaYGO+okXDT7ztn/w3Eptv/+gSIdMdKsJo0u4CfYNFJPy+4SKMuCqGw2wxnA+URMg3t8a/bQ==",
      "optional": true
    },
    "delayed-stream": {
      "version": "1.0.0",
      "resolved": "https://registry.npmjs.org/delayed-stream/-/delayed-stream-1.0.0.tgz",
      "integrity": "sha512-ZySD7Nf91aLB0RxL4KGrKHBXl7Eds1DAmEdcoVawXnLD7SDhpNgtuII2aAkg7a7QS41jxPSZ17p4VdGnMHk3MQ==",
      "optional": true
    },
    "dom-serializer": {
      "version": "0.1.1",
      "resolved": "https://registry.npmjs.org/dom-serializer/-/dom-serializer-0.1.1.tgz",
      "integrity": "sha512-l0IU0pPzLWSHBcieZbpOKgkIn3ts3vAh7ZuFyXNwJxJXk/c4Gwj9xaTJwIDVQCXawWD0qb3IzMGH5rglQaO0XA==",
      "requires": {
        "domelementtype": "^1.3.0",
        "entities": "^1.1.1"
      }
    },
    "domelementtype": {
      "version": "1.3.1",
      "resolved": "https://registry.npmjs.org/domelementtype/-/domelementtype-1.3.1.tgz",
      "integrity": "sha512-BSKB+TSpMpFI/HOxCNr1O8aMOTZ8hT3pM3GQ0w/mWRmkhEDSFJkkyzz4XQsBV44BChwGkrDfMyjVD0eA2aFV3w=="
    },
    "domhandler": {
      "version": "2.3.0",
      "resolved": "https://registry.npmjs.org/domhandler/-/domhandler-2.3.0.tgz",
      "integrity": "sha512-q9bUwjfp7Eif8jWxxxPSykdRZAb6GkguBGSgvvCrhI9wB71W2K/Kvv4E61CF/mcCfnVJDeDWx/Vb/uAqbDj6UQ==",
      "requires": {
        "domelementtype": "1"
      }
    },
    "domutils": {
      "version": "1.5.1",
      "resolved": "https://registry.npmjs.org/domutils/-/domutils-1.5.1.tgz",
      "integrity": "sha512-gSu5Oi/I+3wDENBsOWBiRK1eoGxcywYSqg3rR960/+EfY0CF4EX1VPkgHOZ3WiS/Jg2DtliF6BhWcHlfpYUcGw==",
      "requires": {
        "dom-serializer": "0",
        "domelementtype": "1"
      }
    },
    "ecc-jsbn": {
      "version": "0.1.2",
      "resolved": "https://registry.npmjs.org/ecc-jsbn/-/ecc-jsbn-0.1.2.tgz",
      "integrity": "sha512-eh9O+hwRHNbG4BLTjEl3nw044CkGm5X6LoaCf7LPp7UU8Qrt47JYNi6nPX8xjW97TKGKm1ouctg0QSpZe9qrnw==",
      "optional": true,
      "requires": {
        "jsbn": "~0.1.0",
        "safer-buffer": "^2.1.0"
      }
    },
    "entities": {
      "version": "1.1.2",
      "resolved": "https://registry.npmjs.org/entities/-/entities-1.1.2.tgz",
      "integrity": "sha512-f2LZMYl1Fzu7YSBKg+RoROelpOaNrcGmE9AZubeDfrCEia483oW4MI4VyFd5VNHIgQ/7qm1I0wUHK1eJnn2y2w=="
    },
    "escodegen": {
      "version": "1.14.3",
      "resolved": "https://registry.npmjs.org/escodegen/-/escodegen-1.14.3.tgz",
      "integrity": "sha512-qFcX0XJkdg+PB3xjZZG/wKSuT1PnQWx57+TVSjIMmILd2yC/6ByYElPwJnslDsuWuSAp4AwJGumarAAmJch5Kw==",
      "optional": true,
      "requires": {
        "esprima": "^4.0.1",
        "estraverse": "^4.2.0",
        "esutils": "^2.0.2",
        "optionator": "^0.8.1",
        "source-map": "~0.6.1"
      }
    },
    "esprima": {
      "version": "4.0.1",
      "resolved": "https://registry.npmjs.org/esprima/-/esprima-4.0.1.tgz",
      "integrity": "sha1-E7BM2z5sXRnfkatph6hpVhmwqnE="
    },
    "estraverse": {
      "version": "4.3.0",
      "resolved": "https://registry.npmjs.org/estraverse/-/estraverse-4.3.0.tgz",
      "integrity": "sha512-39nnKffWz8xN1BU/2c79n9nB9HDzo0niYUqx6xyqUnyoAnQyyWpOTdZEeiCch8BBu515t4wp9ZmgVfVhn9EBpw==",
      "optional": true
    },
    "esutils": {
      "version": "2.0.3",
      "resolved": "https://registry.npmjs.org/esutils/-/esutils-2.0.3.tgz",
      "integrity": "sha512-kVscqXk4OCp68SZ0dkgEKVi6/8ij300KBWTJq32P/dYeWTSwK41WyTxalN1eRmA5Z9UU/LX9D7FWSmV9SAYx6g==",
      "optional": true
    },
    "extend": {
      "version": "3.0.2",
      "resolved": "https://registry.npmjs.org/extend/-/extend-3.0.2.tgz",
      "integrity": "sha512-fjquC59cD7CyW6urNXK0FBufkZcoiGG80wTuPujX590cB5Ttln20E2UB4S/WARVqhXffZl2LNgS+gQdPIIim/g==",
      "optional": true
    },
    "extend-shallow": {
      "version": "2.0.1",
      "resolved": "https://registry.npmjs.org/extend-shallow/-/extend-shallow-2.0.1.tgz",
      "integrity": "sha1-Ua99YUrZqfYQ6huvu5idaxxWiQ8=",
      "requires": {
        "is-extendable": "^0.1.0"
      }
    },
    "extsprintf": {
      "version": "1.3.0",
      "resolved": "https://registry.npmjs.org/extsprintf/-/extsprintf-1.3.0.tgz",
      "integrity": "sha512-11Ndz7Nv+mvAC1j0ktTa7fAb0vLyGGX+rMHNBYQviQDGU0Hw7lhctJANqbPhu9nV9/izT/IntTgZ7Im/9LJs9g==",
      "optional": true
    },
    "fast-deep-equal": {
      "version": "3.1.3",
      "resolved": "https://registry.npmjs.org/fast-deep-equal/-/fast-deep-equal-3.1.3.tgz",
      "integrity": "sha512-f3qQ9oQy9j2AhBe/H9VC91wLmKBCCU/gDOnKNAYG5hswO7BLKj09Hc5HYNz9cGI++xlpDCIgDaitVs03ATR84Q==",
      "optional": true
    },
    "fast-json-stable-stringify": {
      "version": "2.1.0",
      "resolved": "https://registry.npmjs.org/fast-json-stable-stringify/-/fast-json-stable-stringify-2.1.0.tgz",
      "integrity": "sha512-lhd/wF+Lk98HZoTCtlVraHtfh5XYijIjalXck7saUtuanSDyLMxnHhSXEDJqHxD7msR8D0uCmqlkwjCV8xvwHw==",
      "optional": true
    },
    "fast-levenshtein": {
      "version": "2.0.6",
      "resolved": "https://registry.npmjs.org/fast-levenshtein/-/fast-levenshtein-2.0.6.tgz",
      "integrity": "sha512-DCXu6Ifhqcks7TZKY3Hxp3y6qphY5SJZmrWMDrKcERSOXWQdMhU9Ig/PYrzyw/ul9jOIyh0N4M0tbC5hodg8dw==",
      "optional": true
    },
    "for-in": {
      "version": "1.0.2",
      "resolved": "https://registry.npmjs.org/for-in/-/for-in-1.0.2.tgz",
      "integrity": "sha1-gQaNKVqBQuwKxybG4iAMMPttXoA="
    },
    "forever-agent": {
      "version": "0.6.1",
      "resolved": "https://registry.npmjs.org/forever-agent/-/forever-agent-0.6.1.tgz",
      "integrity": "sha512-j0KLYPhm6zeac4lz3oJ3o65qvgQCcPubiyotZrXqEaG4hNagNYO8qdlUrX5vwqv9ohqeT/Z3j6+yW067yWWdUw==",
      "optional": true
    },
    "form-data": {
      "version": "2.3.3",
      "resolved": "https://registry.npmjs.org/form-data/-/form-data-2.3.3.tgz",
      "integrity": "sha512-1lLKB2Mu3aGP1Q/2eCOx0fNbRMe7XdwktwOruhfqqd0rIJWwN4Dh+E3hrPSlDCXnSR7UtZ1N38rVXm+6+MEhJQ==",
      "optional": true,
      "requires": {
        "asynckit": "^0.4.0",
        "combined-stream": "^1.0.6",
        "mime-types": "^2.1.12"
      }
    },
    "getpass": {
      "version": "0.1.7",
      "resolved": "https://registry.npmjs.org/getpass/-/getpass-0.1.7.tgz",
      "integrity": "sha512-0fzj9JxOLfJ+XGLhR8ze3unN0KZCgZwiSSDz168VERjK8Wl8kVSdcu2kspd4s4wtAa1y/qrVRiAA0WclVsu0ng==",
      "optional": true,
      "requires": {
        "assert-plus": "^1.0.0"
      }
    },
    "gitbook-html": {
      "version": "1.3.3",
      "resolved": "https://registry.npmjs.org/gitbook-html/-/gitbook-html-1.3.3.tgz",
      "integrity": "sha512-xF1G/u76VxNV0zX8PmrsBUvfOKRmsoo99f4mfsZmhP4m/TBZuk6WPt9atAUBzLKEvIx7ld2kNoXBCQ8v0RQj8A==",
      "requires": {
        "cheerio": "^0.20.0 && >=0.20.0",
        "lodash": "^4.13.1",
        "q": "^1.1.2"
      }
    },
    "gitbook-markdown": {
      "version": "1.3.2",
      "resolved": "https://registry.npmjs.org/gitbook-markdown/-/gitbook-markdown-1.3.2.tgz",
      "integrity": "sha512-pG8l/26E9izXRrQzE0uiSuPM/+x3GnAeJd8TvxSmgxkKerg6c4kq2egGFyculRdiLpFWwq0PHVx4D5ubM7s20w==",
      "requires": {
        "gitbook-html": "1.3.3",
        "kramed": "0.5.6",
        "kramed-text-renderer": "0.2.1",
        "lodash": "^4.13.1"
      }
    },
    "gitbook-plugin-atoc": {
      "version": "1.0.3",
      "resolved": "https://registry.npmjs.org/gitbook-plugin-atoc/-/gitbook-plugin-atoc-1.0.3.tgz",
      "integrity": "sha1-Yi4zTYqhXuK5y3cvl/idhCcfQpc=",
      "requires": {
        "github-slugid": "1.0.1",
        "markdown-toc": "^0.11.7"
      }
    },
    "gitbook-plugin-hints": {
      "version": "1.0.2",
      "resolved": "https://registry.npmjs.org/gitbook-plugin-hints/-/gitbook-plugin-hints-1.0.2.tgz",
      "integrity": "sha1-5liZg+PqhHSfFtxjHigvr9Rew5s="
    },
    "gitbook-plugin-page-treeview": {
      "version": "3.0.6",
      "resolved": "https://registry.npmjs.org/gitbook-plugin-page-treeview/-/gitbook-plugin-page-treeview-3.0.6.tgz",
      "integrity": "sha1-iEEWVE6k1taVCoZEdXeJsfeDR6M=",
      "requires": {
        "marked": "1.2.7",
        "node-html-parser": "1.2.20",
        "remarkable": "1.6.2"
      }
    },
    "gitbook-plugin-tabs": {
      "version": "0.0.7",
      "resolved": "https://registry.npmjs.org/gitbook-plugin-tabs/-/gitbook-plugin-tabs-0.0.7.tgz",
      "integrity": "sha512-ypp3P/lp9koPFkRWgnWplyva0W2TpvngRdTYRwaOmerLYEWQsCYZtFJPuPLQeIaKMpyFEvcSG3DmBlYvLHQm9w==",
      "requires": {
        "gitbook-markdown": "^1.1.1"
      }
    },
    "github-slugid": {
      "version": "1.0.1",
      "resolved": "https://registry.npmjs.org/github-slugid/-/github-slugid-1.0.1.tgz",
      "integrity": "sha1-vM3QgVv61p2KNZ+k/WWUfWBuw8A="
    },
    "gray-matter": {
      "version": "2.1.1",
      "resolved": "https://registry.npmjs.org/gray-matter/-/gray-matter-2.1.1.tgz",
      "integrity": "sha1-MELZrewqHe1qdwep7SOA+KF6Qw4=",
      "requires": {
        "ansi-red": "^0.1.1",
        "coffee-script": "^1.12.4",
        "extend-shallow": "^2.0.1",
        "js-yaml": "^3.8.1",
        "toml": "^2.3.2"
      }
    },
    "har-schema": {
      "version": "2.0.0",
      "resolved": "https://registry.npmjs.org/har-schema/-/har-schema-2.0.0.tgz",
      "integrity": "sha512-Oqluz6zhGX8cyRaTQlFMPw80bSJVG2x/cFb8ZPhUILGgHka9SsokCCOQgpveePerqidZOrT14ipqfJb7ILcW5Q==",
      "optional": true
    },
    "har-validator": {
      "version": "5.1.5",
      "resolved": "https://registry.npmjs.org/har-validator/-/har-validator-5.1.5.tgz",
      "integrity": "sha512-nmT2T0lljbxdQZfspsno9hgrG3Uir6Ks5afism62poxqBM6sDnMEuPmzTq8XN0OEwqKLLdh1jQI3qyE66Nzb3w==",
      "optional": true,
      "requires": {
        "ajv": "^6.12.3",
        "har-schema": "^2.0.0"
      }
    },
    "he": {
      "version": "1.1.1",
      "resolved": "https://registry.npmjs.org/he/-/he-1.1.1.tgz",
      "integrity": "sha1-k0EP0hsAlzUVH4howvJx80J+I/0="
    },
    "htmlparser2": {
      "version": "3.8.3",
      "resolved": "https://registry.npmjs.org/htmlparser2/-/htmlparser2-3.8.3.tgz",
      "integrity": "sha512-hBxEg3CYXe+rPIua8ETe7tmG3XDn9B0edOE/e9wH2nLczxzgdu0m0aNHY+5wFZiviLWLdANPJTssa92dMcXQ5Q==",
      "requires": {
        "domelementtype": "1",
        "domhandler": "2.3",
        "domutils": "1.5",
        "entities": "1.0",
        "readable-stream": "1.1"
      },
      "dependencies": {
        "entities": {
          "version": "1.0.0",
          "resolved": "https://registry.npmjs.org/entities/-/entities-1.0.0.tgz",
          "integrity": "sha512-LbLqfXgJMmy81t+7c14mnulFHJ170cM6E+0vMXR9k/ZiZwgX8i5pNgjTCX3SO4VeUsFLV+8InixoretwU+MjBQ=="
        },
        "isarray": {
          "version": "0.0.1",
          "resolved": "https://registry.npmjs.org/isarray/-/isarray-0.0.1.tgz",
          "integrity": "sha512-D2S+3GLxWH+uhrNEcoh/fnmYeP8E8/zHl644d/jdA0g2uyXvy3sb0qxotE+ne0LtccHknQzWwZEzhak7oJ0COQ=="
        },
        "readable-stream": {
          "version": "1.1.14",
          "resolved": "https://registry.npmjs.org/readable-stream/-/readable-stream-1.1.14.tgz",
          "integrity": "sha512-+MeVjFf4L44XUkhM1eYbD8fyEsxcV81pqMSR5gblfcLCHfZvbrqy4/qYHE+/R5HoBUT11WV5O08Cr1n3YXkWVQ==",
          "requires": {
            "core-util-is": "~1.0.0",
            "inherits": "~2.0.1",
            "isarray": "0.0.1",
            "string_decoder": "~0.10.x"
          }
        },
        "string_decoder": {
          "version": "0.10.31",
          "resolved": "https://registry.npmjs.org/string_decoder/-/string_decoder-0.10.31.tgz",
          "integrity": "sha512-ev2QzSzWPYmy9GuqfIVildA4OdcGLeFZQrq5ys6RtiuF+RQQiZWr8TZNyAcuVXyQRYfEO+MsoB/1BuQVhOJuoQ=="
        }
      }
    },
    "http-signature": {
      "version": "1.2.0",
      "resolved": "https://registry.npmjs.org/http-signature/-/http-signature-1.2.0.tgz",
      "integrity": "sha512-CAbnr6Rz4CYQkLYUtSNXxQPUH2gK8f3iWexVlsnMeD+GjlsQ0Xsy1cOX+mN3dtxYomRy21CiOzU8Uhw6OwncEQ==",
      "optional": true,
      "requires": {
        "assert-plus": "^1.0.0",
        "jsprim": "^1.2.2",
        "sshpk": "^1.7.0"
      }
    },
    "inherits": {
      "version": "2.0.4",
      "resolved": "https://registry.npmjs.org/inherits/-/inherits-2.0.4.tgz",
      "integrity": "sha1-D6LGT5MpF8NDOg3tVTY6rjdBa3w="
    },
    "is-extendable": {
      "version": "0.1.1",
      "resolved": "https://registry.npmjs.org/is-extendable/-/is-extendable-0.1.1.tgz",
      "integrity": "sha1-YrEQ4omkcUGOPsNqYX1HLjAd/Ik="
    },
    "is-plain-object": {
      "version": "2.0.4",
      "resolved": "https://registry.npmjs.org/is-plain-object/-/is-plain-object-2.0.4.tgz",
      "integrity": "sha1-LBY7P6+xtgbZ0Xko8FwqHDjgdnc=",
      "requires": {
        "isobject": "^3.0.1"
      }
    },
    "is-typedarray": {
      "version": "1.0.0",
      "resolved": "https://registry.npmjs.org/is-typedarray/-/is-typedarray-1.0.0.tgz",
      "integrity": "sha512-cyA56iCMHAh5CdzjJIa4aohJyeO1YbwLi3Jc35MmRU6poroFjIGZzUzupGiRPOjgHg9TLu43xbpwXk523fMxKA==",
      "optional": true
    },
    "isarray": {
      "version": "1.0.0",
      "resolved": "https://registry.npmjs.org/isarray/-/isarray-1.0.0.tgz",
      "integrity": "sha1-u5NdSFgsuhaMBoNJV6VKPgcSTxE="
    },
    "isobject": {
      "version": "3.0.1",
      "resolved": "https://registry.npmjs.org/isobject/-/isobject-3.0.1.tgz",
      "integrity": "sha1-TkMekrEalzFjaqH5yNHMvP2reN8="
    },
    "isstream": {
      "version": "0.1.2",
      "resolved": "https://registry.npmjs.org/isstream/-/isstream-0.1.2.tgz",
      "integrity": "sha512-Yljz7ffyPbrLpLngrMtZ7NduUgVvi6wG9RJ9IUcyCd59YQ911PBJphODUcbOVbqYfxe1wuYf/LJ8PauMRwsM/g==",
      "optional": true
    },
    "js-yaml": {
      "version": "3.14.1",
      "resolved": "https://registry.npmjs.org/js-yaml/-/js-yaml-3.14.1.tgz",
      "integrity": "sha1-2ugS/bOCX6MGYJqHFzg8UMNqBTc=",
      "requires": {
        "argparse": "^1.0.7",
        "esprima": "^4.0.0"
      },
      "dependencies": {
        "argparse": {
          "version": "1.0.10",
          "resolved": "https://registry.npmjs.org/argparse/-/argparse-1.0.10.tgz",
          "integrity": "sha1-vNZ5HqWuCXJeF+WtmIE0zUCz2RE=",
          "requires": {
            "sprintf-js": "~1.0.2"
          }
        }
      }
    },
    "jsbn": {
      "version": "0.1.1",
      "resolved": "https://registry.npmjs.org/jsbn/-/jsbn-0.1.1.tgz",
      "integrity": "sha512-UVU9dibq2JcFWxQPA6KCqj5O42VOmAY3zQUfEKxU0KpTGXwNoCjkX1e13eHNvw/xPynt6pU0rZ1htjWTNTSXsg==",
      "optional": true
    },
    "jsdom": {
      "version": "7.2.2",
      "resolved": "https://registry.npmjs.org/jsdom/-/jsdom-7.2.2.tgz",
      "integrity": "sha512-kYeYuos/pYp0V/V8VAoGnUc0va0UZjTjwCsldBFZNBrOi9Q5kUXrvsw6W5/lQllB7hKXBARC4HRk1Sfk4dPFtA==",
      "optional": true,
      "requires": {
        "abab": "^1.0.0",
        "acorn": "^2.4.0",
        "acorn-globals": "^1.0.4",
        "cssom": ">= 0.3.0 < 0.4.0",
        "cssstyle": ">= 0.2.29 < 0.3.0",
        "escodegen": "^1.6.1",
        "nwmatcher": ">= 1.3.7 < 2.0.0",
        "parse5": "^1.5.1",
        "request": "^2.55.0",
        "sax": "^1.1.4",
        "symbol-tree": ">= 3.1.0 < 4.0.0",
        "tough-cookie": "^2.2.0",
        "webidl-conversions": "^2.0.0",
        "whatwg-url-compat": "~0.6.5",
        "xml-name-validator": ">= 2.0.1 < 3.0.0"
      }
    },
    "json-schema": {
      "version": "0.4.0",
      "resolved": "https://registry.npmjs.org/json-schema/-/json-schema-0.4.0.tgz",
      "integrity": "sha512-es94M3nTIfsEPisRafak+HDLfHXnKBhV3vU5eqPcS3flIWqcxJWgXHXiey3YrpaNsanY5ei1VoYEbOzijuq9BA==",
      "optional": true
    },
    "json-schema-traverse": {
      "version": "0.4.1",
      "resolved": "https://registry.npmjs.org/json-schema-traverse/-/json-schema-traverse-0.4.1.tgz",
      "integrity": "sha512-xbbCH5dCYU5T8LcEhhuh7HJ88HXuW3qsI3Y0zOZFKfZEHcpWiHU/Jxzk629Brsab/mMiHQti9wMP+845RPe3Vg==",
      "optional": true
    },
    "json-stringify-safe": {
      "version": "5.0.1",
      "resolved": "https://registry.npmjs.org/json-stringify-safe/-/json-stringify-safe-5.0.1.tgz",
      "integrity": "sha512-ZClg6AaYvamvYEE82d3Iyd3vSSIjQ+odgjaTzRuO3s7toCdFKczob2i0zCh7JE8kWn17yvAWhUVxvqGwUalsRA==",
      "optional": true
    },
    "jsprim": {
      "version": "1.4.2",
      "resolved": "https://registry.npmjs.org/jsprim/-/jsprim-1.4.2.tgz",
      "integrity": "sha512-P2bSOMAc/ciLz6DzgjVlGJP9+BrJWu5UDGK70C2iweC5QBIeFf0ZXRvGjEj2uYgrY2MkAAhsSWHDWlFtEroZWw==",
      "optional": true,
      "requires": {
        "assert-plus": "1.0.0",
        "extsprintf": "1.3.0",
        "json-schema": "0.4.0",
        "verror": "1.10.0"
      }
    },
    "kramed": {
      "version": "0.5.6",
      "resolved": "https://registry.npmjs.org/kramed/-/kramed-0.5.6.tgz",
      "integrity": "sha512-V4qwQAp8HPQPU6Ph9Q4bc+P+nKQWEGlWYLRDkK7n+CPaMi8/VRm9/R710tRmag4whLsnKR91CO9Ras/Rnff9bw=="
    },
    "kramed-text-renderer": {
      "version": "0.2.1",
      "resolved": "https://registry.npmjs.org/kramed-text-renderer/-/kramed-text-renderer-0.2.1.tgz",
      "integrity": "sha512-uYGzm0jhGROPHK0NAj8ukuIFBLvOvx/CtqyYtI7Sz3ZeNCWVOJkrun9AVuGbAMmBiImCuXxYG93lcBLHiQ9ASQ=="
    },
    "lazy-cache": {
      "version": "1.0.4",
      "resolved": "https://registry.npmjs.org/lazy-cache/-/lazy-cache-1.0.4.tgz",
      "integrity": "sha1-odePw6UEdMuAhF07O24dpJpEbo4="
    },
    "levn": {
      "version": "0.3.0",
      "resolved": "https://registry.npmjs.org/levn/-/levn-0.3.0.tgz",
      "integrity": "sha512-0OO4y2iOHix2W6ujICbKIaEQXvFQHue65vUG3pb5EUomzPI90z9hsA1VsO/dbIIpC53J8gxM9Q4Oho0jrCM/yA==",
      "optional": true,
      "requires": {
        "prelude-ls": "~1.1.2",
        "type-check": "~0.3.2"
      }
    },
    "lodash": {
      "version": "4.17.21",
      "resolved": "https://registry.npmjs.org/lodash/-/lodash-4.17.21.tgz",
      "integrity": "sha512-v2kDEe57lecTulaDIuNTPy3Ry4gLGJ6Z1O3vE1krgXZNrsQ+LFTGHVxVjcXPs17LhbZVGedAJv8XZ1tvj5FvSg=="
    },
    "markdown-link": {
      "version": "0.1.1",
      "resolved": "https://registry.npmjs.org/markdown-link/-/markdown-link-0.1.1.tgz",
      "integrity": "sha1-MsXGUZmmRXMWMi0eQinRNAfIx88="
    },
    "markdown-toc": {
      "version": "0.11.9",
      "resolved": "https://registry.npmjs.org/markdown-toc/-/markdown-toc-0.11.9.tgz",
      "integrity": "sha1-lh80wbLDHSghiO7v1PkHyMB6bUw=",
      "requires": {
        "concat-stream": "^1.5.1",
        "gray-matter": "^2.0.2",
        "lazy-cache": "^1.0.2",
        "markdown-link": "^0.1.1",
        "minimist": "^1.2.0",
        "mixin-deep": "^1.1.3",
        "object.pick": "^1.1.1",
        "remarkable": "^1.6.1",
        "repeat-string": "^1.5.2"
      }
    },
    "marked": {
      "version": "1.2.7",
      "resolved": "https://registry.npmjs.org/marked/-/marked-1.2.7.tgz",
      "integrity": "sha1-bhS1lVgdIxnNzwM6JMqvQUVaAfs="
    },
    "mime-db": {
      "version": "1.52.0",
      "resolved": "https://registry.npmjs.org/mime-db/-/mime-db-1.52.0.tgz",
      "integrity": "sha512-sPU4uV7dYlvtWJxwwxHD0PuihVNiE7TyAbQ5SWxDCB9mUYvOgroQOwYQQOKPJ8CIbE+1ETVlOoK1UC2nU3gYvg==",
      "optional": true
    },
    "mime-types": {
      "version": "2.1.35",
      "resolved": "https://registry.npmjs.org/mime-types/-/mime-types-2.1.35.tgz",
      "integrity": "sha512-ZDY+bPm5zTTF+YpCrAU9nK0UgICYPT0QtT1NZWFv4s++TNkcgVaT0g6+4R2uI4MjQjzysHB1zxuWL50hzaeXiw==",
      "optional": true,
      "requires": {
        "mime-db": "1.52.0"
      }
    },
    "minimist": {
      "version": "1.2.8",
      "resolved": "https://registry.npmjs.org/minimist/-/minimist-1.2.8.tgz",
      "integrity": "sha1-waRk52kzAuCCoHXO4MBXdBrEdyw="
    },
    "mixin-deep": {
      "version": "1.3.2",
      "resolved": "https://registry.npmjs.org/mixin-deep/-/mixin-deep-1.3.2.tgz",
      "integrity": "sha1-ESC0PcNZp4Xc5ltVuC4lfM9HlWY=",
      "requires": {
        "for-in": "^1.0.2",
        "is-extendable": "^1.0.1"
      },
      "dependencies": {
        "is-extendable": {
          "version": "1.0.1",
          "resolved": "https://registry.npmjs.org/is-extendable/-/is-extendable-1.0.1.tgz",
          "integrity": "sha1-p0cPnkJnM9gb2B4RVSZOOjUHyrQ=",
          "requires": {
            "is-plain-object": "^2.0.4"
          }
        }
      }
    },
    "node-html-parser": {
      "version": "1.2.20",
      "resolved": "https://registry.npmjs.org/node-html-parser/-/node-html-parser-1.2.20.tgz",
      "integrity": "sha1-N+nrxifb4/9EbupKyT49JUt8buQ=",
      "requires": {
        "he": "1.1.1"
      }
    },
    "nth-check": {
      "version": "1.0.2",
      "resolved": "https://registry.npmjs.org/nth-check/-/nth-check-1.0.2.tgz",
      "integrity": "sha512-WeBOdju8SnzPN5vTUJYxYUxLeXpCaVP5i5e0LF8fg7WORF2Wd7wFX/pk0tYZk7s8T+J7VLy0Da6J1+wCT0AtHg==",
      "requires": {
        "boolbase": "~1.0.0"
      }
    },
    "nwmatcher": {
      "version": "1.4.4",
      "resolved": "https://registry.npmjs.org/nwmatcher/-/nwmatcher-1.4.4.tgz",
      "integrity": "sha512-3iuY4N5dhgMpCUrOVnuAdGrgxVqV2cJpM+XNccjR2DKOB1RUP0aA+wGXEiNziG/UKboFyGBIoKOaNlJxx8bciQ==",
      "optional": true
    },
    "oauth-sign": {
      "version": "0.9.0",
      "resolved": "https://registry.npmjs.org/oauth-sign/-/oauth-sign-0.9.0.tgz",
      "integrity": "sha512-fexhUFFPTGV8ybAtSIGbV6gOkSv8UtRbDBnAyLQw4QPKkgNlsH2ByPGtMUqdWkos6YCRmAqViwgZrJc/mRDzZQ==",
      "optional": true
    },
    "object.pick": {
      "version": "1.3.0",
      "resolved": "https://registry.npmjs.org/object.pick/-/object.pick-1.3.0.tgz",
      "integrity": "sha1-h6EKxMFpS9Lhy/U1kaZhQftd10c=",
      "requires": {
        "isobject": "^3.0.1"
      }
    },
    "optionator": {
      "version": "0.8.3",
      "resolved": "https://registry.npmjs.org/optionator/-/optionator-0.8.3.tgz",
      "integrity": "sha512-+IW9pACdk3XWmmTXG8m3upGUJst5XRGzxMRjXzAuJ1XnIFNvfhjjIuYkDvysnPQ7qzqVzLt78BCruntqRhWQbA==",
      "optional": true,
      "requires": {
        "deep-is": "~0.1.3",
        "fast-levenshtein": "~2.0.6",
        "levn": "~0.3.0",
        "prelude-ls": "~1.1.2",
        "type-check": "~0.3.2",
        "word-wrap": "~1.2.3"
      }
    },
    "parse5": {
      "version": "1.5.1",
      "resolved": "https://registry.npmjs.org/parse5/-/parse5-1.5.1.tgz",
      "integrity": "sha512-w2jx/0tJzvgKwZa58sj2vAYq/S/K1QJfIB3cWYea/Iu1scFPDQQ3IQiVZTHWtRBwAjv2Yd7S/xeZf3XqLDb3bA==",
      "optional": true
    },
    "performance-now": {
      "version": "2.1.0",
      "resolved": "https://registry.npmjs.org/performance-now/-/performance-now-2.1.0.tgz",
      "integrity": "sha512-7EAHlyLHI56VEIdK57uwHdHKIaAGbnXPiw0yWbarQZOKaKpvUIgW0jWRVLiatnM+XXlSwsanIBH/hzGMJulMow==",
      "optional": true
    },
    "prelude-ls": {
      "version": "1.1.2",
      "resolved": "https://registry.npmjs.org/prelude-ls/-/prelude-ls-1.1.2.tgz",
      "integrity": "sha512-ESF23V4SKG6lVSGZgYNpbsiaAkdab6ZgOxe52p7+Kid3W3u3bxR4Vfd/o21dmN7jSt0IwgZ4v5MUd26FEtXE9w==",
      "optional": true
    },
    "process-nextick-args": {
      "version": "2.0.1",
      "resolved": "https://registry.npmjs.org/process-nextick-args/-/process-nextick-args-2.0.1.tgz",
      "integrity": "sha1-eCDZsWEgzFXKmud5JoCufbptf+I="
    },
    "psl": {
      "version": "1.15.0",
      "resolved": "https://registry.npmjs.org/psl/-/psl-1.15.0.tgz",
      "integrity": "sha512-JZd3gMVBAVQkSs6HdNZo9Sdo0LNcQeMNP3CozBJb3JYC/QUYZTnKxP+f8oWRX4rHP5EurWxqAHTSwUCjlNKa1w==",
      "optional": true,
      "requires": {
        "punycode": "^2.3.1"
      }
    },
    "punycode": {
      "version": "2.3.1",
      "resolved": "https://registry.npmjs.org/punycode/-/punycode-2.3.1.tgz",
      "integrity": "sha512-vYt7UD1U9Wg6138shLtLOvdAu+8DsC/ilFtEVHcH+wydcSpNE20AfSOduf6MkRFahL5FY7X1oU7nKVZFtfq8Fg==",
      "optional": true
    },
    "q": {
      "version": "1.5.1",
      "resolved": "https://registry.npmjs.org/q/-/q-1.5.1.tgz",
      "integrity": "sha512-kV/CThkXo6xyFEZUugw/+pIOywXcDbFYgSct5cT3gqlbkBE1SJdwy6UQoZvodiWF/ckQLZyDE/Bu1M6gVu5lVw=="
    },
    "qs": {
      "version": "6.5.3",
      "resolved": "https://registry.npmjs.org/qs/-/qs-6.5.3.tgz",
      "integrity": "sha512-qxXIEh4pCGfHICj1mAJQ2/2XVZkjCDTcEgfoSQxc/fYivUZxTkk7L3bDBJSoNrEzXI17oUO5Dp07ktqE5KzczA==",
      "optional": true
    },
    "readable-stream": {
      "version": "2.3.8",
      "resolved": "https://registry.npmjs.org/readable-stream/-/readable-stream-2.3.8.tgz",
      "integrity": "sha1-kRJegEK7obmIf0k0X2J3Anzovps=",
      "requires": {
        "core-util-is": "~1.0.0",
        "inherits": "~2.0.3",
        "isarray": "~1.0.0",
        "process-nextick-args": "~2.0.0",
        "safe-buffer": "~5.1.1",
        "string_decoder": "~1.1.1",
        "util-deprecate": "~1.0.1"
      }
    },
    "remarkable": {
      "version": "1.6.2",
      "resolved": "https://registry.npmjs.org/remarkable/-/remarkable-1.6.2.tgz",
      "integrity": "sha1-79kesGVnnogody96LHeGtqt5ndw=",
      "requires": {
        "argparse": "~0.1.15",
        "autolinker": "~0.15.0"
      }
    },
    "repeat-string": {
      "version": "1.6.1",
      "resolved": "https://registry.npmjs.org/repeat-string/-/repeat-string-1.6.1.tgz",
      "integrity": "sha1-jcrkcOHIirwtYA//Sndihtp15jc="
    },
    "request": {
      "version": "2.88.2",
      "resolved": "https://registry.npmjs.org/request/-/request-2.88.2.tgz",
      "integrity": "sha512-MsvtOrfG9ZcrOwAW+Qi+F6HbD0CWXEh9ou77uOb7FM2WPhwT7smM833PzanhJLsgXjN89Ir6V2PczXNnMpwKhw==",
      "optional": true,
      "requires": {
        "aws-sign2": "~0.7.0",
        "aws4": "^1.8.0",
        "caseless": "~0.12.0",
        "combined-stream": "~1.0.6",
        "extend": "~3.0.2",
        "forever-agent": "~0.6.1",
        "form-data": "~2.3.2",
        "har-validator": "~5.1.3",
        "http-signature": "~1.2.0",
        "is-typedarray": "~1.0.0",
        "isstream": "~0.1.2",
        "json-stringify-safe": "~5.0.1",
        "mime-types": "~2.1.19",
        "oauth-sign": "~0.9.0",
        "performance-now": "^2.1.0",
        "qs": "~6.5.2",
        "safe-buffer": "^5.1.2",
        "tough-cookie": "~2.5.0",
        "tunnel-agent": "^0.6.0",
        "uuid": "^3.3.2"
      }
    },
    "safe-buffer": {
      "version": "5.1.2",
      "resolved": "https://registry.npmjs.org/safe-buffer/-/safe-buffer-5.1.2.tgz",
      "integrity": "sha1-mR7GnSluAxN0fVm9/St0XDX4go0="
    },
    "safer-buffer": {
      "version": "2.1.2",
      "resolved": "https://registry.npmjs.org/safer-buffer/-/safer-buffer-2.1.2.tgz",
      "integrity": "sha512-YZo3K82SD7Riyi0E1EQPojLz7kpepnSQI9IyPbHHg1XXXevb5dJI7tpyN2ADxGcQbHG7vcyRHk0cbwqcQriUtg==",
      "optional": true
    },
    "sax": {
      "version": "1.4.1",
      "resolved": "https://registry.npmjs.org/sax/-/sax-1.4.1.tgz",
      "integrity": "sha512-+aWOz7yVScEGoKNd4PA10LZ8sk0A/z5+nXQG5giUO5rprX9jgYsTdov9qCchZiPIZezbZH+jRut8nPodFAX4Jg==",
      "optional": true
    },
    "source-map": {
      "version": "0.6.1",
      "resolved": "https://registry.npmjs.org/source-map/-/source-map-0.6.1.tgz",
      "integrity": "sha512-UjgapumWlbMhkBgzT7Ykc5YXUT46F0iKu8SGXq0bcwP5dz/h0Plj6enJqjz1Zbq2l5WaqYnrVbwWOWMyF3F47g==",
      "optional": true
    },
    "sprintf-js": {
      "version": "1.0.3",
      "resolved": "https://registry.npmjs.org/sprintf-js/-/sprintf-js-1.0.3.tgz",
      "integrity": "sha1-BOaSb2YolTVPPdAVIDYzuFcpfiw="
    },
    "sshpk": {
      "version": "1.18.0",
      "resolved": "https://registry.npmjs.org/sshpk/-/sshpk-1.18.0.tgz",
      "integrity": "sha512-2p2KJZTSqQ/I3+HX42EpYOa2l3f8Erv8MWKsy2I9uf4wA7yFIkXRffYdsx86y6z4vHtV8u7g+pPlr8/4ouAxsQ==",
      "optional": true,
      "requires": {
        "asn1": "~0.2.3",
        "assert-plus": "^1.0.0",
        "bcrypt-pbkdf": "^1.0.0",
        "dashdash": "^1.12.0",
        "ecc-jsbn": "~0.1.1",
        "getpass": "^0.1.1",
        "jsbn": "~0.1.0",
        "safer-buffer": "^2.0.2",
        "tweetnacl": "~0.14.0"
      }
    },
    "string_decoder": {
      "version": "1.1.1",
      "resolved": "https://registry.npmjs.org/string_decoder/-/string_decoder-1.1.1.tgz",
      "integrity": "sha1-nPFhG6YmhdcDCunkujQUnDrwP8g=",
      "requires": {
        "safe-buffer": "~5.1.0"
      }
    },
    "symbol-tree": {
      "version": "3.2.4",
      "resolved": "https://registry.npmjs.org/symbol-tree/-/symbol-tree-3.2.4.tgz",
      "integrity": "sha512-9QNk5KwDF+Bvz+PyObkmSYjI5ksVUYtjW7AU22r2NKcfLJcXp96hkDWU3+XndOsUb+AQ9QhfzfCT2O+CNWT5Tw==",
      "optional": true
    },
    "toml": {
      "version": "2.3.6",
      "resolved": "https://registry.npmjs.org/toml/-/toml-2.3.6.tgz",
      "integrity": "sha1-JbCGZIOpciR0iVVZCItDb9Efhhs="
    },
    "tough-cookie": {
      "version": "2.5.0",
      "resolved": "https://registry.npmjs.org/tough-cookie/-/tough-cookie-2.5.0.tgz",
      "integrity": "sha512-nlLsUzgm1kfLXSXfRZMc1KLAugd4hqJHDTvc2hDIwS3mZAfMEuMbc03SujMF+GEcpaX/qboeycw6iO8JwVv2+g==",
      "optional": true,
      "requires": {
        "psl": "^1.1.28",
        "punycode": "^2.1.1"
      }
    },
    "tr46": {
      "version": "0.0.3",
      "resolved": "https://registry.npmjs.org/tr46/-/tr46-0.0.3.tgz",
      "integrity": "sha512-N3WMsuqV66lT30CrXNbEjx4GEwlow3v6rr4mCcv6prnfwhS01rkgyFdjPNBYd9br7LpXV1+Emh01fHnq2Gdgrw==",
      "optional": true
    },
    "tunnel-agent": {
      "version": "0.6.0",
      "resolved": "https://registry.npmjs.org/tunnel-agent/-/tunnel-agent-0.6.0.tgz",
      "integrity": "sha512-McnNiV1l8RYeY8tBgEpuodCC1mLUdbSN+CYBL7kJsJNInOP8UjDDEwdk6Mw60vdLLrr5NHKZhMAOSrR2NZuQ+w==",
      "optional": true,
      "requires": {
        "safe-buffer": "^5.0.1"
      }
    },
    "tweetnacl": {
      "version": "0.14.5",
      "resolved": "https://registry.npmjs.org/tweetnacl/-/tweetnacl-0.14.5.tgz",
      "integrity": "sha512-KXXFFdAbFXY4geFIwoyNK+f5Z1b7swfXABfL7HXCmoIWMKU3dmS26672A4EeQtDzLKy7SXmfBu51JolvEKwtGA==",
      "optional": true
    },
    "type-check": {
      "version": "0.3.2",
      "resolved": "https://registry.npmjs.org/type-check/-/type-check-0.3.2.tgz",
      "integrity": "sha512-ZCmOJdvOWDBYJlzAoFkC+Q0+bUyEOS1ltgp1MGU03fqHG+dbi9tBFU2Rd9QKiDZFAYrhPh2JUf7rZRIuHRKtOg==",
      "optional": true,
      "requires": {
        "prelude-ls": "~1.1.2"
      }
    },
    "typedarray": {
      "version": "0.0.6",
      "resolved": "https://registry.npmjs.org/typedarray/-/typedarray-0.0.6.tgz",
      "integrity": "sha1-hnrHTjhkGHsdPUfZlqeOxciDB3c="
    },
    "underscore": {
      "version": "1.7.0",
      "resolved": "https://registry.npmjs.org/underscore/-/underscore-1.7.0.tgz",
      "integrity": "sha1-a7rwh3UA02vjTsqlhODbn+8DUgk="
    },
    "underscore.string": {
      "version": "2.4.0",
      "resolved": "https://registry.npmjs.org/underscore.string/-/underscore.string-2.4.0.tgz",
      "integrity": "sha1-jN2PusTi0uoefi6Al8QvRCKA+Fs="
    },
    "uri-js": {
      "version": "4.4.1",
      "resolved": "https://registry.npmjs.org/uri-js/-/uri-js-4.4.1.tgz",
      "integrity": "sha512-7rKUyy33Q1yc98pQ1DAmLtwX109F7TIfWlW1Ydo8Wl1ii1SeHieeh0HHfPeL2fMXK6z0s8ecKs9frCuLJvndBg==",
      "optional": true,
      "requires": {
        "punycode": "^2.1.0"
      }
    },
    "util-deprecate": {
      "version": "1.0.2",
      "resolved": "https://registry.npmjs.org/util-deprecate/-/util-deprecate-1.0.2.tgz",
      "integrity": "sha1-RQ1Nyfpw3nMnYvvS1KKJgUGaDM8="
    },
    "uuid": {
      "version": "3.4.0",
      "resolved": "https://registry.npmjs.org/uuid/-/uuid-3.4.0.tgz",
      "integrity": "sha512-HjSDRw6gZE5JMggctHBcjVak08+KEVhSIiDzFnT9S9aegmp85S/bReBVTb4QTFaRNptJ9kuYaNhnbNEOkbKb/A==",
      "optional": true
    },
    "verror": {
      "version": "1.10.0",
      "resolved": "https://registry.npmjs.org/verror/-/verror-1.10.0.tgz",
      "integrity": "sha512-ZZKSmDAEFOijERBLkmYfJ+vmk3w+7hOLYDNkRCuRuMJGEmqYNCNLyBBFwWKVMhfwaEF3WOd0Zlw86U/WC/+nYw==",
      "optional": true,
      "requires": {
        "assert-plus": "^1.0.0",
        "core-util-is": "1.0.2",
        "extsprintf": "^1.2.0"
      },
      "dependencies": {
        "core-util-is": {
          "version": "1.0.2",
          "resolved": "https://registry.npmjs.org/core-util-is/-/core-util-is-1.0.2.tgz",
          "integrity": "sha512-3lqz5YjWTYnW6dlDa5TLaTCcShfar1e40rmcJVwCBJC6mWlFuj0eCHIElmG1g5kyuJ/GD+8Wn4FFCcz4gJPfaQ==",
          "optional": true
        }
      }
    },
    "webidl-conversions": {
      "version": "2.0.1",
      "resolved": "https://registry.npmjs.org/webidl-conversions/-/webidl-conversions-2.0.1.tgz",
      "integrity": "sha512-OZ7I/f0sM+T28T2/OXinNGfmvjm3KKptdyQy8NPRZyLfYBn+9vt72Bfr+uQaE9OvWyxJjQ5kHFygH2wOTUb76g==",
      "optional": true
    },
    "whatwg-url-compat": {
      "version": "0.6.5",
      "resolved": "https://registry.npmjs.org/whatwg-url-compat/-/whatwg-url-compat-0.6.5.tgz",
      "integrity": "sha512-vbg5+JVNwGtHRI3GheZGWrcUlxF9BXHbA80dLa+2XqJjlV/BK6upoi2j8dIRW9FGPUUyaMm7Hf1pTexHnsk85g==",
      "optional": true,
      "requires": {
        "tr46": "~0.0.1"
      }
    },
    "word-wrap": {
      "version": "1.2.5",
      "resolved": "https://registry.npmjs.org/word-wrap/-/word-wrap-1.2.5.tgz",
      "integrity": "sha512-BN22B5eaMMI9UMtjrGd5g5eCYPpCPDUy0FJXbYsaT5zYxjFOckS53SQDE3pWkVoWpHXVb3BrYcEN4Twa55B5cA==",
      "optional": true
    },
    "xml-name-validator": {
      "version": "2.0.1",
      "resolved": "https://registry.npmjs.org/xml-name-validator/-/xml-name-validator-2.0.1.tgz",
      "integrity": "sha512-jRKe/iQYMyVJpzPH+3HL97Lgu5HrCfii+qSo+TfjKHtOnvbnvdVfMYrn9Q34YV81M2e5sviJlI6Ko9y+nByzvA==",
      "optional": true
    }
  }
}
